
Microsoft Visual Studio Solution File, Format Version 12.00
# Visual Studio 2013
VisualStudioVersion = 12.0.21005.1
MinimumVisualStudioVersion = 10.0.40219.1
Project("{FAE04EC0-301F-11D3-BF4B-00C04F79EFBC}") = "NPython", "NPython\NPython.csproj", "{5B1E8FCD-A7F1-456F-A521-EF9C23CFD050}"
EndProject
Project("{FAE04EC0-301F-11D3-BF4B-00C04F79EFBC}") = "NPython.Console", "NPython.Console\NPython.Console.csproj", "{6AAF98D7-E3E7-40C1-B963-43195458BE4D}"
EndProject
Project("{FAE04EC0-301F-11D3-BF4B-00C04F79EFBC}") = "NPython.Tests", "NPython.Tests\NPython.Tests.csproj", "{374918FD-C34A-4D0C-8BA1-12DC1E969ACC}"
EndProject
Project("{2150E333-8FDC-42A3-9474-1A3956D46DE8}") = "Examples", "Examples", "{0B9E9BB7-CCBB-4E01-B6A0-FB78BF92545D}"
EndProject
Project("{FAE04EC0-301F-11D3-BF4B-00C04F79EFBC}") = "EvalAndExec.Console", "EvalAndExec.Console\EvalAndExec.Console.csproj", "{E90DE776-2045-43FC-874C-1EFBD021A26B}"
EndProject
Global
	GlobalSection(SolutionConfigurationPlatforms) = preSolution
		Debug|Any CPU = Debug|Any CPU
		Release|Any CPU = Release|Any CPU
	EndGlobalSection
	GlobalSection(ProjectConfigurationPlatforms) = postSolution
		{5B1E8FCD-A7F1-456F-A521-EF9C23CFD050}.Debug|Any CPU.ActiveCfg = Debug|Any CPU
		{5B1E8FCD-A7F1-456F-A521-EF9C23CFD050}.Debug|Any CPU.Build.0 = Debug|Any CPU
		{5B1E8FCD-A7F1-456F-A521-EF9C23CFD050}.Release|Any CPU.ActiveCfg = Release|Any CPU
		{5B1E8FCD-A7F1-456F-A521-EF9C23CFD050}.Release|Any CPU.Build.0 = Release|Any CPU
		{6AAF98D7-E3E7-40C1-B963-43195458BE4D}.Debug|Any CPU.ActiveCfg = Debug|Any CPU
		{6AAF98D7-E3E7-40C1-B963-43195458BE4D}.Debug|Any CPU.Build.0 = Debug|Any CPU
		{6AAF98D7-E3E7-40C1-B963-43195458BE4D}.Release|Any CPU.ActiveCfg = Release|Any CPU
		{6AAF98D7-E3E7-40C1-B963-43195458BE4D}.Release|Any CPU.Build.0 = Release|Any CPU
		{374918FD-C34A-4D0C-8BA1-12DC1E969ACC}.Debug|Any CPU.ActiveCfg = Debug|Any CPU
		{374918FD-C34A-4D0C-8BA1-12DC1E969ACC}.Debug|Any CPU.Build.0 = Debug|Any CPU
		{374918FD-C34A-4D0C-8BA1-12DC1E969ACC}.Release|Any CPU.ActiveCfg = Release|Any CPU
		{374918FD-C34A-4D0C-8BA1-12DC1E969ACC}.Release|Any CPU.Build.0 = Release|Any CPU
		{E90DE776-2045-43FC-874C-1EFBD021A26B}.Debug|Any CPU.ActiveCfg = Debug|Any CPU
		{E90DE776-2045-43FC-874C-1EFBD021A26B}.Debug|Any CPU.Build.0 = Debug|Any CPU
		{E90DE776-2045-43FC-874C-1EFBD021A26B}.Release|Any CPU.ActiveCfg = Release|Any CPU
		{E90DE776-2045-43FC-874C-1EFBD021A26B}.Release|Any CPU.Build.0 = Release|Any CPU
	EndGlobalSection
	GlobalSection(SolutionProperties) = preSolution
		HideSolutionNode = FALSE
	EndGlobalSection
	GlobalSection(NestedProjects) = preSolution
		{E90DE776-2045-43FC-874C-1EFBD021A26B} = {0B9E9BB7-CCBB-4E01-B6A0-FB78BF92545D}
	EndGlobalSection
EndGlobal
